// !$*UTF8*$!
{
	archiveVersion = 1;
	classes = {
	};
	objectVersion = 56;
	objects = {

/* Begin PBXBuildFile section */
		9A0E3A212C5B3AEC005BE7FD /* SignUpViewController.swift in Sources */ = {isa = PBXBuildFile; fileRef = 9A0E3A1F2C5B3AEC005BE7FD /* SignUpViewController.swift */; };
		9A0E3A222C5B3AEC005BE7FD /* SignUpViewController.xib in Resources */ = {isa = PBXBuildFile; fileRef = 9A0E3A202C5B3AEC005BE7FD /* SignUpViewController.xib */; };
		9A0E3A242C5B442B005BE7FD /* UIButtonExtensions.swift in Sources */ = {isa = PBXBuildFile; fileRef = 9A0E3A232C5B442B005BE7FD /* UIButtonExtensions.swift */; };
		9A25F3A02C5A3D88009D9B3D /* AppDelegate.swift in Sources */ = {isa = PBXBuildFile; fileRef = 9A25F39F2C5A3D88009D9B3D /* AppDelegate.swift */; };
		9A25F3A42C5A3D88009D9B3D /* ViewController.swift in Sources */ = {isa = PBXBuildFile; fileRef = 9A25F3A32C5A3D88009D9B3D /* ViewController.swift */; };
		9A25F3A72C5A3D88009D9B3D /* Base in Resources */ = {isa = PBXBuildFile; fileRef = 9A25F3A62C5A3D88009D9B3D /* Base */; };
		9A25F3A92C5A3D8A009D9B3D /* Assets.xcassets in Resources */ = {isa = PBXBuildFile; fileRef = 9A25F3A82C5A3D8A009D9B3D /* Assets.xcassets */; };
		9A25F3AC2C5A3D8A009D9B3D /* Base in Resources */ = {isa = PBXBuildFile; fileRef = 9A25F3AB2C5A3D8A009D9B3D /* Base */; };
		9A25F3B82C5A3F71009D9B3D /* SignInViewController.xib in Resources */ = {isa = PBXBuildFile; fileRef = 9A25F3B72C5A3F71009D9B3D /* SignInViewController.xib */; };
		9A25F3B92C5A3F71009D9B3D /* SignInViewController.swift in Sources */ = {isa = PBXBuildFile; fileRef = 9A25F3B62C5A3F71009D9B3D /* SignInViewController.swift */; };
		9A25F3BC2C5A4A33009D9B3D /* UITextFieldExtensions.swift in Sources */ = {isa = PBXBuildFile; fileRef = 9A25F3BB2C5A4A33009D9B3D /* UITextFieldExtensions.swift */; };
		9A36B2622C94309300051A6E /* AllMessageTableViewCell.swift in Sources */ = {isa = PBXBuildFile; fileRef = 9A36B2602C94309300051A6E /* AllMessageTableViewCell.swift */; };
		9A36B2632C94309300051A6E /* AllMessageTableViewCell.xib in Resources */ = {isa = PBXBuildFile; fileRef = 9A36B2612C94309300051A6E /* AllMessageTableViewCell.xib */; };
		9A3C76D02C72FB22002E34E6 /* TabbarViewController.xib in Resources */ = {isa = PBXBuildFile; fileRef = 9A3C76CF2C72FB22002E34E6 /* TabbarViewController.xib */; };
		9A3C76D12C72FB22002E34E6 /* TabbarViewController.swift in Sources */ = {isa = PBXBuildFile; fileRef = 9A3C76CE2C72FB22002E34E6 /* TabbarViewController.swift */; };
		9A3C76D32C72FC03002E34E6 /* UIViewControllerExtensions.swift in Sources */ = {isa = PBXBuildFile; fileRef = 9A3C76D22C72FC03002E34E6 /* UIViewControllerExtensions.swift */; };
		9A3C76D92C730205002E34E6 /* MessageViewController.xib in Resources */ = {isa = PBXBuildFile; fileRef = 9A3C76D82C730205002E34E6 /* MessageViewController.xib */; };
		9A3C76DA2C730205002E34E6 /* MessageViewController.swift in Sources */ = {isa = PBXBuildFile; fileRef = 9A3C76D72C730205002E34E6 /* MessageViewController.swift */; };
		9A3C76DD2C73021E002E34E6 /* FriendViewController.xib in Resources */ = {isa = PBXBuildFile; fileRef = 9A3C76DC2C73021E002E34E6 /* FriendViewController.xib */; };
		9A3C76DE2C73021E002E34E6 /* FriendViewController.swift in Sources */ = {isa = PBXBuildFile; fileRef = 9A3C76DB2C73021E002E34E6 /* FriendViewController.swift */; };
		9A3C76E12C730235002E34E6 /* PersonViewController.xib in Resources */ = {isa = PBXBuildFile; fileRef = 9A3C76E02C730235002E34E6 /* PersonViewController.xib */; };
		9A3C76E22C730235002E34E6 /* PersonViewController.swift in Sources */ = {isa = PBXBuildFile; fileRef = 9A3C76DF2C730235002E34E6 /* PersonViewController.swift */; };
		9A3CEA8C2C5C93BD00D4A376 /* GoogleService-Info.plist in Resources */ = {isa = PBXBuildFile; fileRef = 9A3CEA8B2C5C93BD00D4A376 /* GoogleService-Info.plist */; };
		9A3CEA8F2C5C942800D4A376 /* FirebaseAnalytics in Frameworks */ = {isa = PBXBuildFile; productRef = 9A3CEA8E2C5C942800D4A376 /* FirebaseAnalytics */; };
		9A3CEA912C5C942800D4A376 /* FirebaseAnalyticsWithoutAdIdSupport in Frameworks */ = {isa = PBXBuildFile; productRef = 9A3CEA902C5C942800D4A376 /* FirebaseAnalyticsWithoutAdIdSupport */; };
		9A3CEA932C5C942800D4A376 /* FirebaseAuth in Frameworks */ = {isa = PBXBuildFile; productRef = 9A3CEA922C5C942800D4A376 /* FirebaseAuth */; };
		9A3CEA952C5C942800D4A376 /* FirebaseFirestore in Frameworks */ = {isa = PBXBuildFile; productRef = 9A3CEA942C5C942800D4A376 /* FirebaseFirestore */; };
		9A3CEA992C5C954300D4A376 /* HomeViewController.swift in Sources */ = {isa = PBXBuildFile; fileRef = 9A3CEA972C5C954300D4A376 /* HomeViewController.swift */; };
		9A3CEA9A2C5C954300D4A376 /* HomeViewController.xib in Resources */ = {isa = PBXBuildFile; fileRef = 9A3CEA982C5C954300D4A376 /* HomeViewController.xib */; };
		9A3CEA9D2C5C966B00D4A376 /* User.swift in Sources */ = {isa = PBXBuildFile; fileRef = 9A3CEA9C2C5C966B00D4A376 /* User.swift */; };
		9A3CEA9F2C5C9DE800D4A376 /* UserUseCase.swift in Sources */ = {isa = PBXBuildFile; fileRef = 9A3CEA9E2C5C9DE800D4A376 /* UserUseCase.swift */; };
		9A3CEAA12C5C9E1D00D4A376 /* UseCaseProvider.swift in Sources */ = {isa = PBXBuildFile; fileRef = 9A3CEAA02C5C9E1D00D4A376 /* UseCaseProvider.swift */; };
		9A3CEAA42C5CB88000D4A376 /* FirebaseAuthManager.swift in Sources */ = {isa = PBXBuildFile; fileRef = 9A3CEAA32C5CB88000D4A376 /* FirebaseAuthManager.swift */; };
		9A3CEAA62C5CC45C00D4A376 /* AlertManager.swift in Sources */ = {isa = PBXBuildFile; fileRef = 9A3CEAA52C5CC45C00D4A376 /* AlertManager.swift */; };
		9A46C0522C61DD1F00FB78A8 /* ForgotPasswordViewController.swift in Sources */ = {isa = PBXBuildFile; fileRef = 9A46C0502C61DD1F00FB78A8 /* ForgotPasswordViewController.swift */; };
		9A46C0532C61DD1F00FB78A8 /* ForgotPasswordViewController.xib in Resources */ = {isa = PBXBuildFile; fileRef = 9A46C0512C61DD1F00FB78A8 /* ForgotPasswordViewController.xib */; };
		9A4E34872C7DD6C800C8B485 /* AllFriendTableViewCell.xib in Resources */ = {isa = PBXBuildFile; fileRef = 9A4E34862C7DD6C800C8B485 /* AllFriendTableViewCell.xib */; };
		9A4E34882C7DD6C800C8B485 /* AllFriendTableViewCell.swift in Sources */ = {isa = PBXBuildFile; fileRef = 9A4E34852C7DD6C800C8B485 /* AllFriendTableViewCell.swift */; };
		9A63B72A2C75974600EEA9A5 /* LogoutTableViewCell.swift in Sources */ = {isa = PBXBuildFile; fileRef = 9A63B7282C75974600EEA9A5 /* LogoutTableViewCell.swift */; };
		9A63B72B2C75974600EEA9A5 /* LogoutTableViewCell.xib in Resources */ = {isa = PBXBuildFile; fileRef = 9A63B7292C75974600EEA9A5 /* LogoutTableViewCell.xib */; };
		9A63B72E2C75975C00EEA9A5 /* SettingTableViewCell.swift in Sources */ = {isa = PBXBuildFile; fileRef = 9A63B72C2C75975C00EEA9A5 /* SettingTableViewCell.swift */; };
		9A63B72F2C75975C00EEA9A5 /* SettingTableViewCell.xib in Resources */ = {isa = PBXBuildFile; fileRef = 9A63B72D2C75975C00EEA9A5 /* SettingTableViewCell.xib */; };
		9A63B7322C75976C00EEA9A5 /* PersonInfoTableViewCell.swift in Sources */ = {isa = PBXBuildFile; fileRef = 9A63B7302C75976C00EEA9A5 /* PersonInfoTableViewCell.swift */; };
		9A63B7332C75976C00EEA9A5 /* PersonInfoTableViewCell.xib in Resources */ = {isa = PBXBuildFile; fileRef = 9A63B7312C75976C00EEA9A5 /* PersonInfoTableViewCell.xib */; };
		9A63B7352C75982F00EEA9A5 /* UITableViewExtensions.swift in Sources */ = {isa = PBXBuildFile; fileRef = 9A63B7342C75982F00EEA9A5 /* UITableViewExtensions.swift */; };
		9A63B7382C75EFAA00EEA9A5 /* FirebaseStorage in Frameworks */ = {isa = PBXBuildFile; productRef = 9A63B7372C75EFAA00EEA9A5 /* FirebaseStorage */; };
		9A63B73A2C75F2AC00EEA9A5 /* UIImageViewExtensions.swift in Sources */ = {isa = PBXBuildFile; fileRef = 9A63B7392C75F2AC00EEA9A5 /* UIImageViewExtensions.swift */; };
		9AA061102C65FAC600CD78AF /* UIViewExtensions.swift in Sources */ = {isa = PBXBuildFile; fileRef = 9AA0610F2C65FAC600CD78AF /* UIViewExtensions.swift */; };
		9AAC2FFF2C76F4C600B8CEF4 /* FirebaseManager.swift in Sources */ = {isa = PBXBuildFile; fileRef = 9AAC2FFE2C76F4C600B8CEF4 /* FirebaseManager.swift */; };
		9AAC30062C772AC300B8CEF4 /* ListFriendViewController.xib in Resources */ = {isa = PBXBuildFile; fileRef = 9AAC30052C772AC300B8CEF4 /* ListFriendViewController.xib */; };
		9AAC30072C772AC300B8CEF4 /* ListFriendViewController.swift in Sources */ = {isa = PBXBuildFile; fileRef = 9AAC30042C772AC300B8CEF4 /* ListFriendViewController.swift */; };
		9AAC300A2C772ADE00B8CEF4 /* AllFriendViewController.xib in Resources */ = {isa = PBXBuildFile; fileRef = 9AAC30092C772ADE00B8CEF4 /* AllFriendViewController.xib */; };
		9AAC300B2C772ADE00B8CEF4 /* AllFriendViewController.swift in Sources */ = {isa = PBXBuildFile; fileRef = 9AAC30082C772ADE00B8CEF4 /* AllFriendViewController.swift */; };
		9AAC300E2C772B2900B8CEF4 /* RequestFriendViewController.xib in Resources */ = {isa = PBXBuildFile; fileRef = 9AAC300D2C772B2900B8CEF4 /* RequestFriendViewController.xib */; };
		9AAC300F2C772B2900B8CEF4 /* RequestFriendViewController.swift in Sources */ = {isa = PBXBuildFile; fileRef = 9AAC300C2C772B2900B8CEF4 /* RequestFriendViewController.swift */; };
		9AD41FC42C5B90430002EFB6 /* StringExtensions.swift in Sources */ = {isa = PBXBuildFile; fileRef = 9AD41FC32C5B90430002EFB6 /* StringExtensions.swift */; };
/* End PBXBuildFile section */

/* Begin PBXFileReference section */
		9A0E3A1F2C5B3AEC005BE7FD /* SignUpViewController.swift */ = {isa = PBXFileReference; lastKnownFileType = sourcecode.swift; path = SignUpViewController.swift; sourceTree = "<group>"; };
		9A0E3A202C5B3AEC005BE7FD /* SignUpViewController.xib */ = {isa = PBXFileReference; lastKnownFileType = file.xib; path = SignUpViewController.xib; sourceTree = "<group>"; };
		9A0E3A232C5B442B005BE7FD /* UIButtonExtensions.swift */ = {isa = PBXFileReference; lastKnownFileType = sourcecode.swift; path = UIButtonExtensions.swift; sourceTree = "<group>"; };
		9A25F39C2C5A3D88009D9B3D /* AwesomeChat.app */ = {isa = PBXFileReference; explicitFileType = wrapper.application; includeInIndex = 0; path = AwesomeChat.app; sourceTree = BUILT_PRODUCTS_DIR; };
		9A25F39F2C5A3D88009D9B3D /* AppDelegate.swift */ = {isa = PBXFileReference; lastKnownFileType = sourcecode.swift; path = AppDelegate.swift; sourceTree = "<group>"; };
		9A25F3A32C5A3D88009D9B3D /* ViewController.swift */ = {isa = PBXFileReference; lastKnownFileType = sourcecode.swift; path = ViewController.swift; sourceTree = "<group>"; };
		9A25F3A62C5A3D88009D9B3D /* Base */ = {isa = PBXFileReference; lastKnownFileType = file.storyboard; name = Base; path = Base.lproj/Main.storyboard; sourceTree = "<group>"; };
		9A25F3A82C5A3D8A009D9B3D /* Assets.xcassets */ = {isa = PBXFileReference; lastKnownFileType = folder.assetcatalog; path = Assets.xcassets; sourceTree = "<group>"; };
		9A25F3AB2C5A3D8A009D9B3D /* Base */ = {isa = PBXFileReference; lastKnownFileType = file.storyboard; name = Base; path = Base.lproj/LaunchScreen.storyboard; sourceTree = "<group>"; };
		9A25F3AD2C5A3D8A009D9B3D /* Info.plist */ = {isa = PBXFileReference; lastKnownFileType = text.plist.xml; path = Info.plist; sourceTree = "<group>"; };
		9A25F3B62C5A3F71009D9B3D /* SignInViewController.swift */ = {isa = PBXFileReference; lastKnownFileType = sourcecode.swift; path = SignInViewController.swift; sourceTree = "<group>"; };
		9A25F3B72C5A3F71009D9B3D /* SignInViewController.xib */ = {isa = PBXFileReference; lastKnownFileType = file.xib; path = SignInViewController.xib; sourceTree = "<group>"; };
		9A25F3BB2C5A4A33009D9B3D /* UITextFieldExtensions.swift */ = {isa = PBXFileReference; lastKnownFileType = sourcecode.swift; path = UITextFieldExtensions.swift; sourceTree = "<group>"; };
		9A36B2602C94309300051A6E /* AllMessageTableViewCell.swift */ = {isa = PBXFileReference; lastKnownFileType = sourcecode.swift; path = AllMessageTableViewCell.swift; sourceTree = "<group>"; };
		9A36B2612C94309300051A6E /* AllMessageTableViewCell.xib */ = {isa = PBXFileReference; lastKnownFileType = file.xib; path = AllMessageTableViewCell.xib; sourceTree = "<group>"; };
		9A3C76CE2C72FB22002E34E6 /* TabbarViewController.swift */ = {isa = PBXFileReference; lastKnownFileType = sourcecode.swift; path = TabbarViewController.swift; sourceTree = "<group>"; };
		9A3C76CF2C72FB22002E34E6 /* TabbarViewController.xib */ = {isa = PBXFileReference; lastKnownFileType = file.xib; path = TabbarViewController.xib; sourceTree = "<group>"; };
		9A3C76D22C72FC03002E34E6 /* UIViewControllerExtensions.swift */ = {isa = PBXFileReference; lastKnownFileType = sourcecode.swift; path = UIViewControllerExtensions.swift; sourceTree = "<group>"; };
		9A3C76D72C730205002E34E6 /* MessageViewController.swift */ = {isa = PBXFileReference; lastKnownFileType = sourcecode.swift; path = MessageViewController.swift; sourceTree = "<group>"; };
		9A3C76D82C730205002E34E6 /* MessageViewController.xib */ = {isa = PBXFileReference; lastKnownFileType = file.xib; path = MessageViewController.xib; sourceTree = "<group>"; };
		9A3C76DB2C73021E002E34E6 /* FriendViewController.swift */ = {isa = PBXFileReference; lastKnownFileType = sourcecode.swift; path = FriendViewController.swift; sourceTree = "<group>"; };
		9A3C76DC2C73021E002E34E6 /* FriendViewController.xib */ = {isa = PBXFileReference; lastKnownFileType = file.xib; path = FriendViewController.xib; sourceTree = "<group>"; };
		9A3C76DF2C730235002E34E6 /* PersonViewController.swift */ = {isa = PBXFileReference; lastKnownFileType = sourcecode.swift; path = PersonViewController.swift; sourceTree = "<group>"; };
		9A3C76E02C730235002E34E6 /* PersonViewController.xib */ = {isa = PBXFileReference; lastKnownFileType = file.xib; path = PersonViewController.xib; sourceTree = "<group>"; };
		9A3CEA8B2C5C93BD00D4A376 /* GoogleService-Info.plist */ = {isa = PBXFileReference; fileEncoding = 4; lastKnownFileType = text.plist.xml; path = "GoogleService-Info.plist"; sourceTree = "<group>"; };
		9A3CEA972C5C954300D4A376 /* HomeViewController.swift */ = {isa = PBXFileReference; lastKnownFileType = sourcecode.swift; path = HomeViewController.swift; sourceTree = "<group>"; };
		9A3CEA982C5C954300D4A376 /* HomeViewController.xib */ = {isa = PBXFileReference; lastKnownFileType = file.xib; path = HomeViewController.xib; sourceTree = "<group>"; };
		9A3CEA9C2C5C966B00D4A376 /* User.swift */ = {isa = PBXFileReference; lastKnownFileType = sourcecode.swift; path = User.swift; sourceTree = "<group>"; };
		9A3CEA9E2C5C9DE800D4A376 /* UserUseCase.swift */ = {isa = PBXFileReference; lastKnownFileType = sourcecode.swift; path = UserUseCase.swift; sourceTree = "<group>"; };
		9A3CEAA02C5C9E1D00D4A376 /* UseCaseProvider.swift */ = {isa = PBXFileReference; lastKnownFileType = sourcecode.swift; path = UseCaseProvider.swift; sourceTree = "<group>"; };
		9A3CEAA32C5CB88000D4A376 /* FirebaseAuthManager.swift */ = {isa = PBXFileReference; lastKnownFileType = sourcecode.swift; path = FirebaseAuthManager.swift; sourceTree = "<group>"; };
		9A3CEAA52C5CC45C00D4A376 /* AlertManager.swift */ = {isa = PBXFileReference; lastKnownFileType = sourcecode.swift; path = AlertManager.swift; sourceTree = "<group>"; };
		9A46C0502C61DD1F00FB78A8 /* ForgotPasswordViewController.swift */ = {isa = PBXFileReference; lastKnownFileType = sourcecode.swift; path = ForgotPasswordViewController.swift; sourceTree = "<group>"; };
		9A46C0512C61DD1F00FB78A8 /* ForgotPasswordViewController.xib */ = {isa = PBXFileReference; lastKnownFileType = file.xib; path = ForgotPasswordViewController.xib; sourceTree = "<group>"; };
		9A4E34852C7DD6C800C8B485 /* AllFriendTableViewCell.swift */ = {isa = PBXFileReference; lastKnownFileType = sourcecode.swift; path = AllFriendTableViewCell.swift; sourceTree = "<group>"; };
		9A4E34862C7DD6C800C8B485 /* AllFriendTableViewCell.xib */ = {isa = PBXFileReference; lastKnownFileType = file.xib; path = AllFriendTableViewCell.xib; sourceTree = "<group>"; };
		9A63B7282C75974600EEA9A5 /* LogoutTableViewCell.swift */ = {isa = PBXFileReference; lastKnownFileType = sourcecode.swift; path = LogoutTableViewCell.swift; sourceTree = "<group>"; };
		9A63B7292C75974600EEA9A5 /* LogoutTableViewCell.xib */ = {isa = PBXFileReference; lastKnownFileType = file.xib; path = LogoutTableViewCell.xib; sourceTree = "<group>"; };
		9A63B72C2C75975C00EEA9A5 /* SettingTableViewCell.swift */ = {isa = PBXFileReference; lastKnownFileType = sourcecode.swift; path = SettingTableViewCell.swift; sourceTree = "<group>"; };
		9A63B72D2C75975C00EEA9A5 /* SettingTableViewCell.xib */ = {isa = PBXFileReference; lastKnownFileType = file.xib; path = SettingTableViewCell.xib; sourceTree = "<group>"; };
		9A63B7302C75976C00EEA9A5 /* PersonInfoTableViewCell.swift */ = {isa = PBXFileReference; lastKnownFileType = sourcecode.swift; path = PersonInfoTableViewCell.swift; sourceTree = "<group>"; };
		9A63B7312C75976C00EEA9A5 /* PersonInfoTableViewCell.xib */ = {isa = PBXFileReference; lastKnownFileType = file.xib; path = PersonInfoTableViewCell.xib; sourceTree = "<group>"; };
		9A63B7342C75982F00EEA9A5 /* UITableViewExtensions.swift */ = {isa = PBXFileReference; lastKnownFileType = sourcecode.swift; path = UITableViewExtensions.swift; sourceTree = "<group>"; };
		9A63B7392C75F2AC00EEA9A5 /* UIImageViewExtensions.swift */ = {isa = PBXFileReference; lastKnownFileType = sourcecode.swift; path = UIImageViewExtensions.swift; sourceTree = "<group>"; };
		9AA0610F2C65FAC600CD78AF /* UIViewExtensions.swift */ = {isa = PBXFileReference; lastKnownFileType = sourcecode.swift; path = UIViewExtensions.swift; sourceTree = "<group>"; };
		9AAC2FFE2C76F4C600B8CEF4 /* FirebaseManager.swift */ = {isa = PBXFileReference; lastKnownFileType = sourcecode.swift; path = FirebaseManager.swift; sourceTree = "<group>"; };
		9AAC30042C772AC300B8CEF4 /* ListFriendViewController.swift */ = {isa = PBXFileReference; lastKnownFileType = sourcecode.swift; path = ListFriendViewController.swift; sourceTree = "<group>"; };
		9AAC30052C772AC300B8CEF4 /* ListFriendViewController.xib */ = {isa = PBXFileReference; lastKnownFileType = file.xib; path = ListFriendViewController.xib; sourceTree = "<group>"; };
		9AAC30082C772ADE00B8CEF4 /* AllFriendViewController.swift */ = {isa = PBXFileReference; lastKnownFileType = sourcecode.swift; path = AllFriendViewController.swift; sourceTree = "<group>"; };
		9AAC30092C772ADE00B8CEF4 /* AllFriendViewController.xib */ = {isa = PBXFileReference; lastKnownFileType = file.xib; path = AllFriendViewController.xib; sourceTree = "<group>"; };
		9AAC300C2C772B2900B8CEF4 /* RequestFriendViewController.swift */ = {isa = PBXFileReference; lastKnownFileType = sourcecode.swift; path = RequestFriendViewController.swift; sourceTree = "<group>"; };
		9AAC300D2C772B2900B8CEF4 /* RequestFriendViewController.xib */ = {isa = PBXFileReference; lastKnownFileType = file.xib; path = RequestFriendViewController.xib; sourceTree = "<group>"; };
		9AD41FC32C5B90430002EFB6 /* StringExtensions.swift */ = {isa = PBXFileReference; lastKnownFileType = sourcecode.swift; path = StringExtensions.swift; sourceTree = "<group>"; };
/* End PBXFileReference section */

/* Begin PBXFrameworksBuildPhase section */
		9A25F3992C5A3D88009D9B3D /* Frameworks */ = {
			isa = PBXFrameworksBuildPhase;
			buildActionMask = 2147483647;
			files = (
				9A3CEA8F2C5C942800D4A376 /* FirebaseAnalytics in Frameworks */,
				9A3CEA952C5C942800D4A376 /* FirebaseFirestore in Frameworks */,
				9A3CEA932C5C942800D4A376 /* FirebaseAuth in Frameworks */,
				9A63B7382C75EFAA00EEA9A5 /* FirebaseStorage in Frameworks */,
				9A3CEA912C5C942800D4A376 /* FirebaseAnalyticsWithoutAdIdSupport in Frameworks */,
			);
			runOnlyForDeploymentPostprocessing = 0;
		};
/* End PBXFrameworksBuildPhase section */

/* Begin PBXGroup section */
		9A25F3932C5A3D88009D9B3D = {
			isa = PBXGroup;
			children = (
				9A25F39E2C5A3D88009D9B3D /* AwesomeChat */,
				9A25F39D2C5A3D88009D9B3D /* Products */,
				9A63B7362C75EFAA00EEA9A5 /* Frameworks */,
			);
			sourceTree = "<group>";
		};
		9A25F39D2C5A3D88009D9B3D /* Products */ = {
			isa = PBXGroup;
			children = (
				9A25F39C2C5A3D88009D9B3D /* AwesomeChat.app */,
			);
			name = Products;
			sourceTree = "<group>";
		};
		9A25F39E2C5A3D88009D9B3D /* AwesomeChat */ = {
			isa = PBXGroup;
			children = (
				9AA061092C65F9FA00CD78AF /* Components */,
				9A3CEAA22C5CB86600D4A376 /* Authentication */,
				9AD41FC02C5B7F130002EFB6 /* Platform */,
				9A25F3BA2C5A4887009D9B3D /* Helper */,
				9A25F3B32C5A3F33009D9B3D /* Scene */,
				9A25F39F2C5A3D88009D9B3D /* AppDelegate.swift */,
				9A25F3A32C5A3D88009D9B3D /* ViewController.swift */,
				9A25F3A52C5A3D88009D9B3D /* Main.storyboard */,
				9A25F3A82C5A3D8A009D9B3D /* Assets.xcassets */,
				9A25F3AA2C5A3D8A009D9B3D /* LaunchScreen.storyboard */,
				9A25F3AD2C5A3D8A009D9B3D /* Info.plist */,
				9A3CEA8B2C5C93BD00D4A376 /* GoogleService-Info.plist */,
			);
			path = AwesomeChat;
			sourceTree = "<group>";
		};
		9A25F3B32C5A3F33009D9B3D /* Scene */ = {
			isa = PBXGroup;
			children = (
				9A3C76D62C7301A1002E34E6 /* PersonViewController */,
				9A3C76D52C730197002E34E6 /* FriendViewController */,
				9A3C76D42C73018A002E34E6 /* MessageViewController */,
				9A46C04F2C61DD0000FB78A8 /* ForgotPasswordViewController */,
				9A3CEA962C5C952D00D4A376 /* HomeViewController */,
				9A25F3B52C5A3F4F009D9B3D /* SignUpViewController */,
				9A25F3B42C5A3F3A009D9B3D /* SIgnInViewController */,
			);
			path = Scene;
			sourceTree = "<group>";
		};
		9A25F3B42C5A3F3A009D9B3D /* SIgnInViewController */ = {
			isa = PBXGroup;
			children = (
				9A25F3B62C5A3F71009D9B3D /* SignInViewController.swift */,
				9A25F3B72C5A3F71009D9B3D /* SignInViewController.xib */,
			);
			path = SIgnInViewController;
			sourceTree = "<group>";
		};
		9A25F3B52C5A3F4F009D9B3D /* SignUpViewController */ = {
			isa = PBXGroup;
			children = (
				9A0E3A1F2C5B3AEC005BE7FD /* SignUpViewController.swift */,
				9A0E3A202C5B3AEC005BE7FD /* SignUpViewController.xib */,
			);
			path = SignUpViewController;
			sourceTree = "<group>";
		};
		9A25F3BA2C5A4887009D9B3D /* Helper */ = {
			isa = PBXGroup;
			children = (
				9A25F3BB2C5A4A33009D9B3D /* UITextFieldExtensions.swift */,
				9A0E3A232C5B442B005BE7FD /* UIButtonExtensions.swift */,
				9AD41FC32C5B90430002EFB6 /* StringExtensions.swift */,
				9A3CEAA52C5CC45C00D4A376 /* AlertManager.swift */,
				9AA0610F2C65FAC600CD78AF /* UIViewExtensions.swift */,
				9A3C76D22C72FC03002E34E6 /* UIViewControllerExtensions.swift */,
				9A63B7342C75982F00EEA9A5 /* UITableViewExtensions.swift */,
				9A63B7392C75F2AC00EEA9A5 /* UIImageViewExtensions.swift */,
				9AAC2FFE2C76F4C600B8CEF4 /* FirebaseManager.swift */,
			);
			path = Helper;
			sourceTree = "<group>";
		};
		9A36B25F2C94306D00051A6E /* AllMessageCell */ = {
			isa = PBXGroup;
			children = (
				9A36B2602C94309300051A6E /* AllMessageTableViewCell.swift */,
				9A36B2612C94309300051A6E /* AllMessageTableViewCell.xib */,
			);
			path = AllMessageCell;
			sourceTree = "<group>";
		};
		9A36B2642C9433AA00051A6E /* SubViews */ = {
			isa = PBXGroup;
			children = (
			);
			path = SubViews;
			sourceTree = "<group>";
		};
		9A3C76D42C73018A002E34E6 /* MessageViewController */ = {
			isa = PBXGroup;
			children = (
				9A36B2642C9433AA00051A6E /* SubViews */,
				9A36B25F2C94306D00051A6E /* AllMessageCell */,
				9A3C76D72C730205002E34E6 /* MessageViewController.swift */,
				9A3C76D82C730205002E34E6 /* MessageViewController.xib */,
			);
			path = MessageViewController;
			sourceTree = "<group>";
		};
		9A3C76D52C730197002E34E6 /* FriendViewController */ = {
			isa = PBXGroup;
			children = (
				9AAC30002C772A5000B8CEF4 /* SubViews */,
				9A3C76DB2C73021E002E34E6 /* FriendViewController.swift */,
				9A3C76DC2C73021E002E34E6 /* FriendViewController.xib */,
			);
			path = FriendViewController;
			sourceTree = "<group>";
		};
		9A3C76D62C7301A1002E34E6 /* PersonViewController */ = {
			isa = PBXGroup;
			children = (
				9A63B7242C75966300EEA9A5 /* CustomCell */,
				9A3C76DF2C730235002E34E6 /* PersonViewController.swift */,
				9A3C76E02C730235002E34E6 /* PersonViewController.xib */,
			);
			path = PersonViewController;
			sourceTree = "<group>";
		};
		9A3CEA962C5C952D00D4A376 /* HomeViewController */ = {
			isa = PBXGroup;
			children = (
				9A3CEA972C5C954300D4A376 /* HomeViewController.swift */,
				9A3CEA982C5C954300D4A376 /* HomeViewController.xib */,
			);
			path = HomeViewController;
			sourceTree = "<group>";
		};
		9A3CEA9B2C5C963600D4A376 /* Models */ = {
			isa = PBXGroup;
			children = (
				9A3CEA9C2C5C966B00D4A376 /* User.swift */,
			);
			path = Models;
			sourceTree = "<group>";
		};
		9A3CEAA22C5CB86600D4A376 /* Authentication */ = {
			isa = PBXGroup;
			children = (
				9A3CEAA32C5CB88000D4A376 /* FirebaseAuthManager.swift */,
			);
			path = Authentication;
			sourceTree = "<group>";
		};
		9A46C04F2C61DD0000FB78A8 /* ForgotPasswordViewController */ = {
			isa = PBXGroup;
			children = (
				9A46C0502C61DD1F00FB78A8 /* ForgotPasswordViewController.swift */,
				9A46C0512C61DD1F00FB78A8 /* ForgotPasswordViewController.xib */,
			);
			path = ForgotPasswordViewController;
			sourceTree = "<group>";
		};
		9A4E34842C7DD6AE00C8B485 /* AllFriendCell */ = {
			isa = PBXGroup;
			children = (
				9A4E34852C7DD6C800C8B485 /* AllFriendTableViewCell.swift */,
				9A4E34862C7DD6C800C8B485 /* AllFriendTableViewCell.xib */,
			);
			path = AllFriendCell;
			sourceTree = "<group>";
		};
		9A63B7242C75966300EEA9A5 /* CustomCell */ = {
			isa = PBXGroup;
			children = (
				9A63B7272C75970000EEA9A5 /* Logout */,
				9A63B7262C7596F400EEA9A5 /* Setting */,
				9A63B7252C7596D000EEA9A5 /* PersonInfo */,
			);
			path = CustomCell;
			sourceTree = "<group>";
		};
		9A63B7252C7596D000EEA9A5 /* PersonInfo */ = {
			isa = PBXGroup;
			children = (
				9A63B7302C75976C00EEA9A5 /* PersonInfoTableViewCell.swift */,
				9A63B7312C75976C00EEA9A5 /* PersonInfoTableViewCell.xib */,
			);
			path = PersonInfo;
			sourceTree = "<group>";
		};
		9A63B7262C7596F400EEA9A5 /* Setting */ = {
			isa = PBXGroup;
			children = (
				9A63B72C2C75975C00EEA9A5 /* SettingTableViewCell.swift */,
				9A63B72D2C75975C00EEA9A5 /* SettingTableViewCell.xib */,
			);
			path = Setting;
			sourceTree = "<group>";
		};
		9A63B7272C75970000EEA9A5 /* Logout */ = {
			isa = PBXGroup;
			children = (
				9A63B7282C75974600EEA9A5 /* LogoutTableViewCell.swift */,
				9A63B7292C75974600EEA9A5 /* LogoutTableViewCell.xib */,
			);
			path = Logout;
			sourceTree = "<group>";
		};
		9A63B7362C75EFAA00EEA9A5 /* Frameworks */ = {
			isa = PBXGroup;
			children = (
			);
			name = Frameworks;
			sourceTree = "<group>";
		};
		9AA061092C65F9FA00CD78AF /* Components */ = {
			isa = PBXGroup;
			children = (
				9AA0610A2C65FA0400CD78AF /* Tabbar */,
			);
			path = Components;
			sourceTree = "<group>";
		};
		9AA0610A2C65FA0400CD78AF /* Tabbar */ = {
			isa = PBXGroup;
			children = (
				9A3C76CE2C72FB22002E34E6 /* TabbarViewController.swift */,
				9A3C76CF2C72FB22002E34E6 /* TabbarViewController.xib */,
			);
			path = Tabbar;
			sourceTree = "<group>";
		};
		9AAC30002C772A5000B8CEF4 /* SubViews */ = {
			isa = PBXGroup;
			children = (
				9AAC30032C772AA200B8CEF4 /* FriendRequestViewController */,
				9AAC30022C772A8800B8CEF4 /* AllFriendViewController */,
				9AAC30012C772A6000B8CEF4 /* ListFriendViewController */,
			);
			path = SubViews;
			sourceTree = "<group>";
		};
		9AAC30012C772A6000B8CEF4 /* ListFriendViewController */ = {
			isa = PBXGroup;
			children = (
				9AAC30042C772AC300B8CEF4 /* ListFriendViewController.swift */,
				9AAC30052C772AC300B8CEF4 /* ListFriendViewController.xib */,
			);
			path = ListFriendViewController;
			sourceTree = "<group>";
		};
		9AAC30022C772A8800B8CEF4 /* AllFriendViewController */ = {
			isa = PBXGroup;
			children = (
				9A4E34842C7DD6AE00C8B485 /* AllFriendCell */,
				9AAC30082C772ADE00B8CEF4 /* AllFriendViewController.swift */,
				9AAC30092C772ADE00B8CEF4 /* AllFriendViewController.xib */,
			);
			path = AllFriendViewController;
			sourceTree = "<group>";
		};
		9AAC30032C772AA200B8CEF4 /* FriendRequestViewController */ = {
			isa = PBXGroup;
			children = (
				9AAC300C2C772B2900B8CEF4 /* RequestFriendViewController.swift */,
				9AAC300D2C772B2900B8CEF4 /* RequestFriendViewController.xib */,
			);
			path = FriendRequestViewController;
			sourceTree = "<group>";
		};
		9AD41FC02C5B7F130002EFB6 /* Platform */ = {
			isa = PBXGroup;
			children = (
				9A3CEA9B2C5C963600D4A376 /* Models */,
				9AD41FC22C5B7F260002EFB6 /* UseCase */,
				9AD41FC12C5B7F1D0002EFB6 /* UseCaseProvider */,
			);
			path = Platform;
			sourceTree = "<group>";
		};
		9AD41FC12C5B7F1D0002EFB6 /* UseCaseProvider */ = {
			isa = PBXGroup;
			children = (
				9A3CEAA02C5C9E1D00D4A376 /* UseCaseProvider.swift */,
			);
			path = UseCaseProvider;
			sourceTree = "<group>";
		};
		9AD41FC22C5B7F260002EFB6 /* UseCase */ = {
			isa = PBXGroup;
			children = (
				9A3CEA9E2C5C9DE800D4A376 /* UserUseCase.swift */,
			);
			path = UseCase;
			sourceTree = "<group>";
		};
/* End PBXGroup section */

/* Begin PBXNativeTarget section */
		9A25F39B2C5A3D88009D9B3D /* AwesomeChat */ = {
			isa = PBXNativeTarget;
			buildConfigurationList = 9A25F3B02C5A3D8A009D9B3D /* Build configuration list for PBXNativeTarget "AwesomeChat" */;
			buildPhases = (
				9A25F3982C5A3D88009D9B3D /* Sources */,
				9A25F3992C5A3D88009D9B3D /* Frameworks */,
				9A25F39A2C5A3D88009D9B3D /* Resources */,
			);
			buildRules = (
			);
			dependencies = (
			);
			name = AwesomeChat;
			packageProductDependencies = (
				9A3CEA8E2C5C942800D4A376 /* FirebaseAnalytics */,
				9A3CEA902C5C942800D4A376 /* FirebaseAnalyticsWithoutAdIdSupport */,
				9A3CEA922C5C942800D4A376 /* FirebaseAuth */,
				9A3CEA942C5C942800D4A376 /* FirebaseFirestore */,
				9A63B7372C75EFAA00EEA9A5 /* FirebaseStorage */,
			);
			productName = AwesomeChat;
			productReference = 9A25F39C2C5A3D88009D9B3D /* AwesomeChat.app */;
			productType = "com.apple.product-type.application";
		};
/* End PBXNativeTarget section */

/* Begin PBXProject section */
		9A25F3942C5A3D88009D9B3D /* Project object */ = {
			isa = PBXProject;
			attributes = {
				BuildIndependentTargetsInParallel = 1;
				LastSwiftUpdateCheck = 1540;
				LastUpgradeCheck = 1540;
				TargetAttributes = {
					9A25F39B2C5A3D88009D9B3D = {
						CreatedOnToolsVersion = 15.4;
					};
				};
			};
			buildConfigurationList = 9A25F3972C5A3D88009D9B3D /* Build configuration list for PBXProject "AwesomeChat" */;
			compatibilityVersion = "Xcode 14.0";
			developmentRegion = en;
			hasScannedForEncodings = 0;
			knownRegions = (
				en,
				Base,
			);
			mainGroup = 9A25F3932C5A3D88009D9B3D;
			packageReferences = (
				9A3CEA8D2C5C942800D4A376 /* XCRemoteSwiftPackageReference "firebase-ios-sdk" */,
			);
			productRefGroup = 9A25F39D2C5A3D88009D9B3D /* Products */;
			projectDirPath = "";
			projectRoot = "";
			targets = (
				9A25F39B2C5A3D88009D9B3D /* AwesomeChat */,
			);
		};
/* End PBXProject section */

/* Begin PBXResourcesBuildPhase section */
		9A25F39A2C5A3D88009D9B3D /* Resources */ = {
			isa = PBXResourcesBuildPhase;
			buildActionMask = 2147483647;
			files = (
				9AAC30062C772AC300B8CEF4 /* ListFriendViewController.xib in Resources */,
				9A63B7332C75976C00EEA9A5 /* PersonInfoTableViewCell.xib in Resources */,
				9A46C0532C61DD1F00FB78A8 /* ForgotPasswordViewController.xib in Resources */,
				9A0E3A222C5B3AEC005BE7FD /* SignUpViewController.xib in Resources */,
				9A25F3B82C5A3F71009D9B3D /* SignInViewController.xib in Resources */,
				9A36B2632C94309300051A6E /* AllMessageTableViewCell.xib in Resources */,
				9A4E34872C7DD6C800C8B485 /* AllFriendTableViewCell.xib in Resources */,
				9AAC300A2C772ADE00B8CEF4 /* AllFriendViewController.xib in Resources */,
				9A3C76E12C730235002E34E6 /* PersonViewController.xib in Resources */,
				9A63B72B2C75974600EEA9A5 /* LogoutTableViewCell.xib in Resources */,
				9A25F3A92C5A3D8A009D9B3D /* Assets.xcassets in Resources */,
				9A3C76D02C72FB22002E34E6 /* TabbarViewController.xib in Resources */,
				9A25F3AC2C5A3D8A009D9B3D /* Base in Resources */,
				9A3C76D92C730205002E34E6 /* MessageViewController.xib in Resources */,
				9A25F3A72C5A3D88009D9B3D /* Base in Resources */,
				9A3CEA9A2C5C954300D4A376 /* HomeViewController.xib in Resources */,
				9A3C76DD2C73021E002E34E6 /* FriendViewController.xib in Resources */,
				9A63B72F2C75975C00EEA9A5 /* SettingTableViewCell.xib in Resources */,
				9AAC300E2C772B2900B8CEF4 /* RequestFriendViewController.xib in Resources */,
				9A3CEA8C2C5C93BD00D4A376 /* GoogleService-Info.plist in Resources */,
			);
			runOnlyForDeploymentPostprocessing = 0;
		};
/* End PBXResourcesBuildPhase section */

/* Begin PBXSourcesBuildPhase section */
		9A25F3982C5A3D88009D9B3D /* Sources */ = {
			isa = PBXSourcesBuildPhase;
			buildActionMask = 2147483647;
			files = (
				9AAC2FFF2C76F4C600B8CEF4 /* FirebaseManager.swift in Sources */,
				9A63B72E2C75975C00EEA9A5 /* SettingTableViewCell.swift in Sources */,
				9A63B7322C75976C00EEA9A5 /* PersonInfoTableViewCell.swift in Sources */,
				9A3C76D12C72FB22002E34E6 /* TabbarViewController.swift in Sources */,
				9A3C76D32C72FC03002E34E6 /* UIViewControllerExtensions.swift in Sources */,
				9A25F3A42C5A3D88009D9B3D /* ViewController.swift in Sources */,
				9A3C76DE2C73021E002E34E6 /* FriendViewController.swift in Sources */,
				9AAC30072C772AC300B8CEF4 /* ListFriendViewController.swift in Sources */,
				9AAC300B2C772ADE00B8CEF4 /* AllFriendViewController.swift in Sources */,
				9A25F3BC2C5A4A33009D9B3D /* UITextFieldExtensions.swift in Sources */,
				9A4E34882C7DD6C800C8B485 /* AllFriendTableViewCell.swift in Sources */,
				9A25F3A02C5A3D88009D9B3D /* AppDelegate.swift in Sources */,
				9A3CEAA12C5C9E1D00D4A376 /* UseCaseProvider.swift in Sources */,
				9A3CEA992C5C954300D4A376 /* HomeViewController.swift in Sources */,
				9AD41FC42C5B90430002EFB6 /* StringExtensions.swift in Sources */,
				9A3CEAA62C5CC45C00D4A376 /* AlertManager.swift in Sources */,
				9A3CEAA42C5CB88000D4A376 /* FirebaseAuthManager.swift in Sources */,
				9A3C76DA2C730205002E34E6 /* MessageViewController.swift in Sources */,
				9A46C0522C61DD1F00FB78A8 /* ForgotPasswordViewController.swift in Sources */,
				9A36B2622C94309300051A6E /* AllMessageTableViewCell.swift in Sources */,
				9A63B7352C75982F00EEA9A5 /* UITableViewExtensions.swift in Sources */,
				9AA061102C65FAC600CD78AF /* UIViewExtensions.swift in Sources */,
				9A63B72A2C75974600EEA9A5 /* LogoutTableViewCell.swift in Sources */,
				9A63B73A2C75F2AC00EEA9A5 /* UIImageViewExtensions.swift in Sources */,
				9A3CEA9D2C5C966B00D4A376 /* User.swift in Sources */,
				9AAC300F2C772B2900B8CEF4 /* RequestFriendViewController.swift in Sources */,
				9A3C76E22C730235002E34E6 /* PersonViewController.swift in Sources */,
				9A3CEA9F2C5C9DE800D4A376 /* UserUseCase.swift in Sources */,
				9A0E3A242C5B442B005BE7FD /* UIButtonExtensions.swift in Sources */,
				9A25F3B92C5A3F71009D9B3D /* SignInViewController.swift in Sources */,
				9A0E3A212C5B3AEC005BE7FD /* SignUpViewController.swift in Sources */,
			);
			runOnlyForDeploymentPostprocessing = 0;
		};
/* End PBXSourcesBuildPhase section */

/* Begin PBXVariantGroup section */
		9A25F3A52C5A3D88009D9B3D /* Main.storyboard */ = {
			isa = PBXVariantGroup;
			children = (
				9A25F3A62C5A3D88009D9B3D /* Base */,
			);
			name = Main.storyboard;
			sourceTree = "<group>";
		};
		9A25F3AA2C5A3D8A009D9B3D /* LaunchScreen.storyboard */ = {
			isa = PBXVariantGroup;
			children = (
				9A25F3AB2C5A3D8A009D9B3D /* Base */,
			);
			name = LaunchScreen.storyboard;
			sourceTree = "<group>";
		};
/* End PBXVariantGroup section */

/* Begin XCBuildConfiguration section */
		9A25F3AE2C5A3D8A009D9B3D /* Debug */ = {
			isa = XCBuildConfiguration;
			buildSettings = {
				ALWAYS_SEARCH_USER_PATHS = NO;
				ASSETCATALOG_COMPILER_GENERATE_SWIFT_ASSET_SYMBOL_EXTENSIONS = YES;
				CLANG_ANALYZER_NONNULL = YES;
				CLANG_ANALYZER_NUMBER_OBJECT_CONVERSION = YES_AGGRESSIVE;
				CLANG_CXX_LANGUAGE_STANDARD = "gnu++20";
				CLANG_ENABLE_MODULES = YES;
				CLANG_ENABLE_OBJC_ARC = YES;
				CLANG_ENABLE_OBJC_WEAK = YES;
				CLANG_WARN_BLOCK_CAPTURE_AUTORELEASING = YES;
				CLANG_WARN_BOOL_CONVERSION = YES;
				CLANG_WARN_COMMA = YES;
				CLANG_WARN_CONSTANT_CONVERSION = YES;
				CLANG_WARN_DEPRECATED_OBJC_IMPLEMENTATIONS = YES;
				CLANG_WARN_DIRECT_OBJC_ISA_USAGE = YES_ERROR;
				CLANG_WARN_DOCUMENTATION_COMMENTS = YES;
				CLANG_WARN_EMPTY_BODY = YES;
				CLANG_WARN_ENUM_CONVERSION = YES;
				CLANG_WARN_INFINITE_RECURSION = YES;
				CLANG_WARN_INT_CONVERSION = YES;
				CLANG_WARN_NON_LITERAL_NULL_CONVERSION = YES;
				CLANG_WARN_OBJC_IMPLICIT_RETAIN_SELF = YES;
				CLANG_WARN_OBJC_LITERAL_CONVERSION = YES;
				CLANG_WARN_OBJC_ROOT_CLASS = YES_ERROR;
				CLANG_WARN_QUOTED_INCLUDE_IN_FRAMEWORK_HEADER = YES;
				CLANG_WARN_RANGE_LOOP_ANALYSIS = YES;
				CLANG_WARN_STRICT_PROTOTYPES = YES;
				CLANG_WARN_SUSPICIOUS_MOVE = YES;
				CLANG_WARN_UNGUARDED_AVAILABILITY = YES_AGGRESSIVE;
				CLANG_WARN_UNREACHABLE_CODE = YES;
				CLANG_WARN__DUPLICATE_METHOD_MATCH = YES;
				COPY_PHASE_STRIP = NO;
				DEBUG_INFORMATION_FORMAT = dwarf;
				ENABLE_STRICT_OBJC_MSGSEND = YES;
				ENABLE_TESTABILITY = YES;
				ENABLE_USER_SCRIPT_SANDBOXING = YES;
				GCC_C_LANGUAGE_STANDARD = gnu17;
				GCC_DYNAMIC_NO_PIC = NO;
				GCC_NO_COMMON_BLOCKS = YES;
				GCC_OPTIMIZATION_LEVEL = 0;
				GCC_PREPROCESSOR_DEFINITIONS = (
					"DEBUG=1",
					"$(inherited)",
				);
				GCC_WARN_64_TO_32_BIT_CONVERSION = YES;
				GCC_WARN_ABOUT_RETURN_TYPE = YES_ERROR;
				GCC_WARN_UNDECLARED_SELECTOR = YES;
				GCC_WARN_UNINITIALIZED_AUTOS = YES_AGGRESSIVE;
				GCC_WARN_UNUSED_FUNCTION = YES;
				GCC_WARN_UNUSED_VARIABLE = YES;
				IPHONEOS_DEPLOYMENT_TARGET = 17.5;
				LOCALIZATION_PREFERS_STRING_CATALOGS = YES;
				MTL_ENABLE_DEBUG_INFO = INCLUDE_SOURCE;
				MTL_FAST_MATH = YES;
				ONLY_ACTIVE_ARCH = YES;
				SDKROOT = iphoneos;
				SWIFT_ACTIVE_COMPILATION_CONDITIONS = "DEBUG $(inherited)";
				SWIFT_OPTIMIZATION_LEVEL = "-Onone";
			};
			name = Debug;
		};
		9A25F3AF2C5A3D8A009D9B3D /* Release */ = {
			isa = XCBuildConfiguration;
			buildSettings = {
				ALWAYS_SEARCH_USER_PATHS = NO;
				ASSETCATALOG_COMPILER_GENERATE_SWIFT_ASSET_SYMBOL_EXTENSIONS = YES;
				CLANG_ANALYZER_NONNULL = YES;
				CLANG_ANALYZER_NUMBER_OBJECT_CONVERSION = YES_AGGRESSIVE;
				CLANG_CXX_LANGUAGE_STANDARD = "gnu++20";
				CLANG_ENABLE_MODULES = YES;
				CLANG_ENABLE_OBJC_ARC = YES;
				CLANG_ENABLE_OBJC_WEAK = YES;
				CLANG_WARN_BLOCK_CAPTURE_AUTORELEASING = YES;
				CLANG_WARN_BOOL_CONVERSION = YES;
				CLANG_WARN_COMMA = YES;
				CLANG_WARN_CONSTANT_CONVERSION = YES;
				CLANG_WARN_DEPRECATED_OBJC_IMPLEMENTATIONS = YES;
				CLANG_WARN_DIRECT_OBJC_ISA_USAGE = YES_ERROR;
				CLANG_WARN_DOCUMENTATION_COMMENTS = YES;
				CLANG_WARN_EMPTY_BODY = YES;
				CLANG_WARN_ENUM_CONVERSION = YES;
				CLANG_WARN_INFINITE_RECURSION = YES;
				CLANG_WARN_INT_CONVERSION = YES;
				CLANG_WARN_NON_LITERAL_NULL_CONVERSION = YES;
				CLANG_WARN_OBJC_IMPLICIT_RETAIN_SELF = YES;
				CLANG_WARN_OBJC_LITERAL_CONVERSION = YES;
				CLANG_WARN_OBJC_ROOT_CLASS = YES_ERROR;
				CLANG_WARN_QUOTED_INCLUDE_IN_FRAMEWORK_HEADER = YES;
				CLANG_WARN_RANGE_LOOP_ANALYSIS = YES;
				CLANG_WARN_STRICT_PROTOTYPES = YES;
				CLANG_WARN_SUSPICIOUS_MOVE = YES;
				CLANG_WARN_UNGUARDED_AVAILABILITY = YES_AGGRESSIVE;
				CLANG_WARN_UNREACHABLE_CODE = YES;
				CLANG_WARN__DUPLICATE_METHOD_MATCH = YES;
				COPY_PHASE_STRIP = NO;
				DEBUG_INFORMATION_FORMAT = "dwarf-with-dsym";
				ENABLE_NS_ASSERTIONS = NO;
				ENABLE_STRICT_OBJC_MSGSEND = YES;
				ENABLE_USER_SCRIPT_SANDBOXING = YES;
				GCC_C_LANGUAGE_STANDARD = gnu17;
				GCC_NO_COMMON_BLOCKS = YES;
				GCC_WARN_64_TO_32_BIT_CONVERSION = YES;
				GCC_WARN_ABOUT_RETURN_TYPE = YES_ERROR;
				GCC_WARN_UNDECLARED_SELECTOR = YES;
				GCC_WARN_UNINITIALIZED_AUTOS = YES_AGGRESSIVE;
				GCC_WARN_UNUSED_FUNCTION = YES;
				GCC_WARN_UNUSED_VARIABLE = YES;
				IPHONEOS_DEPLOYMENT_TARGET = 17.5;
				LOCALIZATION_PREFERS_STRING_CATALOGS = YES;
				MTL_ENABLE_DEBUG_INFO = NO;
				MTL_FAST_MATH = YES;
				SDKROOT = iphoneos;
				SWIFT_COMPILATION_MODE = wholemodule;
				VALIDATE_PRODUCT = YES;
			};
			name = Release;
		};
		9A25F3B12C5A3D8A009D9B3D /* Debug */ = {
			isa = XCBuildConfiguration;
			buildSettings = {
				ASSETCATALOG_COMPILER_APPICON_NAME = AppIcon;
				ASSETCATALOG_COMPILER_GLOBAL_ACCENT_COLOR_NAME = AccentColor;
				CODE_SIGN_STYLE = Automatic;
				CURRENT_PROJECT_VERSION = 1;
				GENERATE_INFOPLIST_FILE = YES;
				INFOPLIST_FILE = AwesomeChat/Info.plist;
				INFOPLIST_KEY_UIApplicationSupportsIndirectInputEvents = YES;
				INFOPLIST_KEY_UILaunchStoryboardName = LaunchScreen;
				INFOPLIST_KEY_UISupportedInterfaceOrientations_iPad = "UIInterfaceOrientationPortrait UIInterfaceOrientationPortraitUpsideDown UIInterfaceOrientationLandscapeLeft UIInterfaceOrientationLandscapeRight";
				INFOPLIST_KEY_UISupportedInterfaceOrientations_iPhone = "UIInterfaceOrientationPortrait UIInterfaceOrientationLandscapeLeft UIInterfaceOrientationLandscapeRight";
				IPHONEOS_DEPLOYMENT_TARGET = 15.0;
				LD_RUNPATH_SEARCH_PATHS = (
					"$(inherited)",
					"@executable_path/Frameworks",
				);
				MARKETING_VERSION = 1.0;
				PRODUCT_BUNDLE_IDENTIFIER = linhvu.AwesomeChat;
				PRODUCT_NAME = "$(TARGET_NAME)";
				SWIFT_EMIT_LOC_STRINGS = YES;
				SWIFT_VERSION = 5.0;
				TARGETED_DEVICE_FAMILY = "1,2";
			};
			name = Debug;
		};
		9A25F3B22C5A3D8A009D9B3D /* Release */ = {
			isa = XCBuildConfiguration;
			buildSettings = {
				ASSETCATALOG_COMPILER_APPICON_NAME = AppIcon;
				ASSETCATALOG_COMPILER_GLOBAL_ACCENT_COLOR_NAME = AccentColor;
				CODE_SIGN_STYLE = Automatic;
				CURRENT_PROJECT_VERSION = 1;
				GENERATE_INFOPLIST_FILE = YES;
				INFOPLIST_FILE = AwesomeChat/Info.plist;
				INFOPLIST_KEY_UIApplicationSupportsIndirectInputEvents = YES;
				INFOPLIST_KEY_UILaunchStoryboardName = LaunchScreen;
				INFOPLIST_KEY_UISupportedInterfaceOrientations_iPad = "UIInterfaceOrientationPortrait UIInterfaceOrientationPortraitUpsideDown UIInterfaceOrientationLandscapeLeft UIInterfaceOrientationLandscapeRight";
				INFOPLIST_KEY_UISupportedInterfaceOrientations_iPhone = "UIInterfaceOrientationPortrait UIInterfaceOrientationLandscapeLeft UIInterfaceOrientationLandscapeRight";
				IPHONEOS_DEPLOYMENT_TARGET = 15.0;
				LD_RUNPATH_SEARCH_PATHS = (
					"$(inherited)",
					"@executable_path/Frameworks",
				);
				MARKETING_VERSION = 1.0;
				PRODUCT_BUNDLE_IDENTIFIER = linhvu.AwesomeChat;
				PRODUCT_NAME = "$(TARGET_NAME)";
				SWIFT_EMIT_LOC_STRINGS = YES;
				SWIFT_VERSION = 5.0;
				TARGETED_DEVICE_FAMILY = "1,2";
			};
			name = Release;
		};
/* End XCBuildConfiguration section */

/* Begin XCConfigurationList section */
		9A25F3972C5A3D88009D9B3D /* Build configuration list for PBXProject "AwesomeChat" */ = {
			isa = XCConfigurationList;
			buildConfigurations = (
				9A25F3AE2C5A3D8A009D9B3D /* Debug */,
				9A25F3AF2C5A3D8A009D9B3D /* Release */,
			);
			defaultConfigurationIsVisible = 0;
			defaultConfigurationName = Release;
		};
		9A25F3B02C5A3D8A009D9B3D /* Build configuration list for PBXNativeTarget "AwesomeChat" */ = {
			isa = XCConfigurationList;
			buildConfigurations = (
				9A25F3B12C5A3D8A009D9B3D /* Debug */,
				9A25F3B22C5A3D8A009D9B3D /* Release */,
			);
			defaultConfigurationIsVisible = 0;
			defaultConfigurationName = Release;
		};
/* End XCConfigurationList section */

/* Begin XCRemoteSwiftPackageReference section */
		9A3CEA8D2C5C942800D4A376 /* XCRemoteSwiftPackageReference "firebase-ios-sdk" */ = {
			isa = XCRemoteSwiftPackageReference;
			repositoryURL = "https://github.com/firebase/firebase-ios-sdk.git";
			requirement = {
				kind = upToNextMajorVersion;
				minimumVersion = 11.0.0;
			};
		};
/* End XCRemoteSwiftPackageReference section */

/* Begin XCSwiftPackageProductDependency section */
		9A3CEA8E2C5C942800D4A376 /* FirebaseAnalytics */ = {
			isa = XCSwiftPackageProductDependency;
			package = 9A3CEA8D2C5C942800D4A376 /* XCRemoteSwiftPackageReference "firebase-ios-sdk" */;
			productName = FirebaseAnalytics;
		};
		9A3CEA902C5C942800D4A376 /* FirebaseAnalyticsWithoutAdIdSupport */ = {
			isa = XCSwiftPackageProductDependency;
			package = 9A3CEA8D2C5C942800D4A376 /* XCRemoteSwiftPackageReference "firebase-ios-sdk" */;
			productName = FirebaseAnalyticsWithoutAdIdSupport;
		};
		9A3CEA922C5C942800D4A376 /* FirebaseAuth */ = {
			isa = XCSwiftPackageProductDependency;
			package = 9A3CEA8D2C5C942800D4A376 /* XCRemoteSwiftPackageReference "firebase-ios-sdk" */;
			productName = FirebaseAuth;
		};
		9A3CEA942C5C942800D4A376 /* FirebaseFirestore */ = {
			isa = XCSwiftPackageProductDependency;
			package = 9A3CEA8D2C5C942800D4A376 /* XCRemoteSwiftPackageReference "firebase-ios-sdk" */;
			productName = FirebaseFirestore;
		};
		9A63B7372C75EFAA00EEA9A5 /* FirebaseStorage */ = {
			isa = XCSwiftPackageProductDependency;
			package = 9A3CEA8D2C5C942800D4A376 /* XCRemoteSwiftPackageReference "firebase-ios-sdk" */;
			productName = FirebaseStorage;
		};
/* End XCSwiftPackageProductDependency section */
	};
	rootObject = 9A25F3942C5A3D88009D9B3D /* Project object */;
}
